// !$*UTF8*$!
{
	archiveVersion = 1;
	classes = {
	};
	objectVersion = 55;
	objects = {

/* Begin PBXBuildFile section */
		3B2D0F8427F5BA2F002984FE /* RepositoryDetailsViewController.swift in Sources */ = {isa = PBXBuildFile; fileRef = 3B2D0F8327F5BA2F002984FE /* RepositoryDetailsViewController.swift */; };
		3B2D0F8627F5BA3A002984FE /* RepositoryDetailsViewController.storyboard in Resources */ = {isa = PBXBuildFile; fileRef = 3B2D0F8527F5BA3A002984FE /* RepositoryDetailsViewController.storyboard */; };
		3B2D0F8A27F5BB46002984FE /* RepositorySearchNavigationController.swift in Sources */ = {isa = PBXBuildFile; fileRef = 3B2D0F8927F5BB46002984FE /* RepositorySearchNavigationController.swift */; };
		3B2D0F8C27F624B0002984FE /* FavoriteCoreDataManager.swift in Sources */ = {isa = PBXBuildFile; fileRef = 3B2D0F8B27F624B0002984FE /* FavoriteCoreDataManager.swift */; };
		3B2D0F8E27F64B09002984FE /* StarredRepositoriesNavigationController.swift in Sources */ = {isa = PBXBuildFile; fileRef = 3B2D0F8D27F64B09002984FE /* StarredRepositoriesNavigationController.swift */; };
		3B2D0F9027F64D2D002984FE /* StarredRepositoriesDataService.swift in Sources */ = {isa = PBXBuildFile; fileRef = 3B2D0F8F27F64D2D002984FE /* StarredRepositoriesDataService.swift */; };
		3B2D0F9227F64D75002984FE /* StarredRepositoriesModel.swift in Sources */ = {isa = PBXBuildFile; fileRef = 3B2D0F9127F64D75002984FE /* StarredRepositoriesModel.swift */; };
		3B8EEF7C27F452F2007EA4F1 /* AppDelegate.swift in Sources */ = {isa = PBXBuildFile; fileRef = 3B8EEF7B27F452F2007EA4F1 /* AppDelegate.swift */; };
		3B8EEF7E27F452F2007EA4F1 /* SceneDelegate.swift in Sources */ = {isa = PBXBuildFile; fileRef = 3B8EEF7D27F452F2007EA4F1 /* SceneDelegate.swift */; };
		3B8EEF8627F452F2007EA4F1 /* FRT_Task.xcdatamodeld in Sources */ = {isa = PBXBuildFile; fileRef = 3B8EEF8427F452F2007EA4F1 /* FRT_Task.xcdatamodeld */; };
		3B8EEF8827F452F4007EA4F1 /* Assets.xcassets in Resources */ = {isa = PBXBuildFile; fileRef = 3B8EEF8727F452F4007EA4F1 /* Assets.xcassets */; };
		3B8EEF8B27F452F4007EA4F1 /* LaunchScreen.storyboard in Resources */ = {isa = PBXBuildFile; fileRef = 3B8EEF8927F452F4007EA4F1 /* LaunchScreen.storyboard */; };
		3B8EEF9F27F45749007EA4F1 /* WelcomeViewController.swift in Sources */ = {isa = PBXBuildFile; fileRef = 3B8EEF9E27F45749007EA4F1 /* WelcomeViewController.swift */; };
		3B8EEFA127F45759007EA4F1 /* WelcomeViewController.storyboard in Resources */ = {isa = PBXBuildFile; fileRef = 3B8EEFA027F45759007EA4F1 /* WelcomeViewController.storyboard */; };
		3B8EEFA427F45956007EA4F1 /* GradientView.swift in Sources */ = {isa = PBXBuildFile; fileRef = 3B8EEFA327F45956007EA4F1 /* GradientView.swift */; };
		3B8EEFA827F459A1007EA4F1 /* DialogAlertsForActions.swift in Sources */ = {isa = PBXBuildFile; fileRef = 3B8EEFA727F459A1007EA4F1 /* DialogAlertsForActions.swift */; };
		3B8EEFB127F4B33A007EA4F1 /* MainDashboardTabBarController.swift in Sources */ = {isa = PBXBuildFile; fileRef = 3B8EEFB027F4B33A007EA4F1 /* MainDashboardTabBarController.swift */; };
		3B8EEFB327F4B345007EA4F1 /* MainDashboardTabBarController.storyboard in Resources */ = {isa = PBXBuildFile; fileRef = 3B8EEFB227F4B345007EA4F1 /* MainDashboardTabBarController.storyboard */; };
		3B8EEFB627F4B952007EA4F1 /* RepositorySearchViewController.swift in Sources */ = {isa = PBXBuildFile; fileRef = 3B8EEFB527F4B952007EA4F1 /* RepositorySearchViewController.swift */; };
		3B8EEFB827F4B95F007EA4F1 /* RepositorySearchViewController.storyboard in Resources */ = {isa = PBXBuildFile; fileRef = 3B8EEFB727F4B95F007EA4F1 /* RepositorySearchViewController.storyboard */; };
		3B8EEFBD27F4BA82007EA4F1 /* StarredRepositoriesViewController.swift in Sources */ = {isa = PBXBuildFile; fileRef = 3B8EEFBC27F4BA82007EA4F1 /* StarredRepositoriesViewController.swift */; };
		3B8EEFBF27F4BA8C007EA4F1 /* StarredRepositoriesViewController.storyboard in Resources */ = {isa = PBXBuildFile; fileRef = 3B8EEFBE27F4BA8C007EA4F1 /* StarredRepositoriesViewController.storyboard */; };
		3B8EEFC427F4CA23007EA4F1 /* FloatingLabelInput.swift in Sources */ = {isa = PBXBuildFile; fileRef = 3B8EEFC327F4CA23007EA4F1 /* FloatingLabelInput.swift */; };
		3B8EEFC627F4DE50007EA4F1 /* RepositorySearchDataService.swift in Sources */ = {isa = PBXBuildFile; fileRef = 3B8EEFC527F4DE50007EA4F1 /* RepositorySearchDataService.swift */; };
		3B8EEFC827F4DEFC007EA4F1 /* RepositorySearchModel.swift in Sources */ = {isa = PBXBuildFile; fileRef = 3B8EEFC727F4DEFC007EA4F1 /* RepositorySearchModel.swift */; };
		3B8EEFCC27F4E027007EA4F1 /* RepositoryCell.swift in Sources */ = {isa = PBXBuildFile; fileRef = 3B8EEFCA27F4E027007EA4F1 /* RepositoryCell.swift */; };
		3B8EEFCD27F4E027007EA4F1 /* RepositoryCell.xib in Resources */ = {isa = PBXBuildFile; fileRef = 3B8EEFCB27F4E027007EA4F1 /* RepositoryCell.xib */; };
		3B8EEFD027F4E084007EA4F1 /* UITableViewCell+Extension.swift in Sources */ = {isa = PBXBuildFile; fileRef = 3B8EEFCF27F4E084007EA4F1 /* UITableViewCell+Extension.swift */; };
		3B8EEFD227F4E0A4007EA4F1 /* UITableView+Extension.swift in Sources */ = {isa = PBXBuildFile; fileRef = 3B8EEFD127F4E0A3007EA4F1 /* UITableView+Extension.swift */; };
		3B8EEFD427F4EFE4007EA4F1 /* NetworkManager.swift in Sources */ = {isa = PBXBuildFile; fileRef = 3B8EEFD327F4EFE4007EA4F1 /* NetworkManager.swift */; };
		3B8EEFD627F4F01B007EA4F1 /* URLExtensions.swift in Sources */ = {isa = PBXBuildFile; fileRef = 3B8EEFD527F4F01B007EA4F1 /* URLExtensions.swift */; };
		3B8EEFD827F4F0BE007EA4F1 /* RepositoryNetworkManager.swift in Sources */ = {isa = PBXBuildFile; fileRef = 3B8EEFD727F4F0BE007EA4F1 /* RepositoryNetworkManager.swift */; };
		3B8EEFDC27F4F16A007EA4F1 /* RepositoryConstants.swift in Sources */ = {isa = PBXBuildFile; fileRef = 3B8EEFDB27F4F16A007EA4F1 /* RepositoryConstants.swift */; };
		3B8EEFDF27F4F3AC007EA4F1 /* RepositoryModel.swift in Sources */ = {isa = PBXBuildFile; fileRef = 3B8EEFDE27F4F3AC007EA4F1 /* RepositoryModel.swift */; };
		3B8EEFE227F50BCF007EA4F1 /* Kingfisher in Frameworks */ = {isa = PBXBuildFile; productRef = 3B8EEFE127F50BCF007EA4F1 /* Kingfisher */; };
/* End PBXBuildFile section */

/* Begin PBXFileReference section */
		3B2D0F8327F5BA2F002984FE /* RepositoryDetailsViewController.swift */ = {isa = PBXFileReference; lastKnownFileType = sourcecode.swift; path = RepositoryDetailsViewController.swift; sourceTree = "<group>"; };
		3B2D0F8527F5BA3A002984FE /* RepositoryDetailsViewController.storyboard */ = {isa = PBXFileReference; lastKnownFileType = file.storyboard; path = RepositoryDetailsViewController.storyboard; sourceTree = "<group>"; };
		3B2D0F8927F5BB46002984FE /* RepositorySearchNavigationController.swift */ = {isa = PBXFileReference; lastKnownFileType = sourcecode.swift; path = RepositorySearchNavigationController.swift; sourceTree = "<group>"; };
		3B2D0F8B27F624B0002984FE /* FavoriteCoreDataManager.swift */ = {isa = PBXFileReference; lastKnownFileType = sourcecode.swift; path = FavoriteCoreDataManager.swift; sourceTree = "<group>"; };
		3B2D0F8D27F64B09002984FE /* StarredRepositoriesNavigationController.swift */ = {isa = PBXFileReference; lastKnownFileType = sourcecode.swift; path = StarredRepositoriesNavigationController.swift; sourceTree = "<group>"; };
		3B2D0F8F27F64D2D002984FE /* StarredRepositoriesDataService.swift */ = {isa = PBXFileReference; lastKnownFileType = sourcecode.swift; path = StarredRepositoriesDataService.swift; sourceTree = "<group>"; };
		3B2D0F9127F64D75002984FE /* StarredRepositoriesModel.swift */ = {isa = PBXFileReference; lastKnownFileType = sourcecode.swift; path = StarredRepositoriesModel.swift; sourceTree = "<group>"; };
		3B8EEF7827F452F2007EA4F1 /* FRT_Task.app */ = {isa = PBXFileReference; explicitFileType = wrapper.application; includeInIndex = 0; path = FRT_Task.app; sourceTree = BUILT_PRODUCTS_DIR; };
		3B8EEF7B27F452F2007EA4F1 /* AppDelegate.swift */ = {isa = PBXFileReference; lastKnownFileType = sourcecode.swift; path = AppDelegate.swift; sourceTree = "<group>"; };
		3B8EEF7D27F452F2007EA4F1 /* SceneDelegate.swift */ = {isa = PBXFileReference; lastKnownFileType = sourcecode.swift; path = SceneDelegate.swift; sourceTree = "<group>"; };
		3B8EEF8527F452F2007EA4F1 /* FRT_Task.xcdatamodel */ = {isa = PBXFileReference; lastKnownFileType = wrapper.xcdatamodel; path = FRT_Task.xcdatamodel; sourceTree = "<group>"; };
		3B8EEF8727F452F4007EA4F1 /* Assets.xcassets */ = {isa = PBXFileReference; lastKnownFileType = folder.assetcatalog; path = Assets.xcassets; sourceTree = "<group>"; };
		3B8EEF8A27F452F4007EA4F1 /* Base */ = {isa = PBXFileReference; lastKnownFileType = file.storyboard; name = Base; path = Base.lproj/LaunchScreen.storyboard; sourceTree = "<group>"; };
		3B8EEF8C27F452F4007EA4F1 /* Info.plist */ = {isa = PBXFileReference; lastKnownFileType = text.plist.xml; path = Info.plist; sourceTree = "<group>"; };
		3B8EEF9E27F45749007EA4F1 /* WelcomeViewController.swift */ = {isa = PBXFileReference; lastKnownFileType = sourcecode.swift; path = WelcomeViewController.swift; sourceTree = "<group>"; };
		3B8EEFA027F45759007EA4F1 /* WelcomeViewController.storyboard */ = {isa = PBXFileReference; lastKnownFileType = file.storyboard; path = WelcomeViewController.storyboard; sourceTree = "<group>"; };
		3B8EEFA327F45956007EA4F1 /* GradientView.swift */ = {isa = PBXFileReference; lastKnownFileType = sourcecode.swift; path = GradientView.swift; sourceTree = "<group>"; };
		3B8EEFA727F459A1007EA4F1 /* DialogAlertsForActions.swift */ = {isa = PBXFileReference; lastKnownFileType = sourcecode.swift; path = DialogAlertsForActions.swift; sourceTree = "<group>"; };
		3B8EEFB027F4B33A007EA4F1 /* MainDashboardTabBarController.swift */ = {isa = PBXFileReference; lastKnownFileType = sourcecode.swift; path = MainDashboardTabBarController.swift; sourceTree = "<group>"; };
		3B8EEFB227F4B345007EA4F1 /* MainDashboardTabBarController.storyboard */ = {isa = PBXFileReference; lastKnownFileType = file.storyboard; path = MainDashboardTabBarController.storyboard; sourceTree = "<group>"; };
		3B8EEFB527F4B952007EA4F1 /* RepositorySearchViewController.swift */ = {isa = PBXFileReference; lastKnownFileType = sourcecode.swift; path = RepositorySearchViewController.swift; sourceTree = "<group>"; };
		3B8EEFB727F4B95F007EA4F1 /* RepositorySearchViewController.storyboard */ = {isa = PBXFileReference; lastKnownFileType = file.storyboard; path = RepositorySearchViewController.storyboard; sourceTree = "<group>"; };
		3B8EEFBC27F4BA82007EA4F1 /* StarredRepositoriesViewController.swift */ = {isa = PBXFileReference; lastKnownFileType = sourcecode.swift; path = StarredRepositoriesViewController.swift; sourceTree = "<group>"; };
		3B8EEFBE27F4BA8C007EA4F1 /* StarredRepositoriesViewController.storyboard */ = {isa = PBXFileReference; lastKnownFileType = file.storyboard; path = StarredRepositoriesViewController.storyboard; sourceTree = "<group>"; };
		3B8EEFC327F4CA23007EA4F1 /* FloatingLabelInput.swift */ = {isa = PBXFileReference; lastKnownFileType = sourcecode.swift; path = FloatingLabelInput.swift; sourceTree = "<group>"; };
		3B8EEFC527F4DE50007EA4F1 /* RepositorySearchDataService.swift */ = {isa = PBXFileReference; lastKnownFileType = sourcecode.swift; path = RepositorySearchDataService.swift; sourceTree = "<group>"; };
		3B8EEFC727F4DEFC007EA4F1 /* RepositorySearchModel.swift */ = {isa = PBXFileReference; lastKnownFileType = sourcecode.swift; path = RepositorySearchModel.swift; sourceTree = "<group>"; };
		3B8EEFCA27F4E027007EA4F1 /* RepositoryCell.swift */ = {isa = PBXFileReference; lastKnownFileType = sourcecode.swift; path = RepositoryCell.swift; sourceTree = "<group>"; };
		3B8EEFCB27F4E027007EA4F1 /* RepositoryCell.xib */ = {isa = PBXFileReference; lastKnownFileType = file.xib; path = RepositoryCell.xib; sourceTree = "<group>"; };
		3B8EEFCF27F4E084007EA4F1 /* UITableViewCell+Extension.swift */ = {isa = PBXFileReference; lastKnownFileType = sourcecode.swift; path = "UITableViewCell+Extension.swift"; sourceTree = "<group>"; };
		3B8EEFD127F4E0A3007EA4F1 /* UITableView+Extension.swift */ = {isa = PBXFileReference; lastKnownFileType = sourcecode.swift; path = "UITableView+Extension.swift"; sourceTree = "<group>"; };
		3B8EEFD327F4EFE4007EA4F1 /* NetworkManager.swift */ = {isa = PBXFileReference; lastKnownFileType = sourcecode.swift; path = NetworkManager.swift; sourceTree = "<group>"; };
		3B8EEFD527F4F01B007EA4F1 /* URLExtensions.swift */ = {isa = PBXFileReference; lastKnownFileType = sourcecode.swift; path = URLExtensions.swift; sourceTree = "<group>"; };
		3B8EEFD727F4F0BE007EA4F1 /* RepositoryNetworkManager.swift */ = {isa = PBXFileReference; lastKnownFileType = sourcecode.swift; path = RepositoryNetworkManager.swift; sourceTree = "<group>"; };
		3B8EEFDB27F4F16A007EA4F1 /* RepositoryConstants.swift */ = {isa = PBXFileReference; lastKnownFileType = sourcecode.swift; path = RepositoryConstants.swift; sourceTree = "<group>"; };
		3B8EEFDE27F4F3AC007EA4F1 /* RepositoryModel.swift */ = {isa = PBXFileReference; lastKnownFileType = sourcecode.swift; path = RepositoryModel.swift; sourceTree = "<group>"; };
/* End PBXFileReference section */

/* Begin PBXFrameworksBuildPhase section */
		3B8EEF7527F452F2007EA4F1 /* Frameworks */ = {
			isa = PBXFrameworksBuildPhase;
			buildActionMask = 2147483647;
			files = (
				3B8EEFE227F50BCF007EA4F1 /* Kingfisher in Frameworks */,
			);
			runOnlyForDeploymentPostprocessing = 0;
		};
/* End PBXFrameworksBuildPhase section */

/* Begin PBXGroup section */
		3B2D0F8727F5BA45002984FE /* ViewModel */ = {
			isa = PBXGroup;
			children = (
			);
			path = ViewModel;
			sourceTree = "<group>";
		};
		3B2D0F8827F5BA4A002984FE /* View */ = {
			isa = PBXGroup;
			children = (
				3B2D0F8327F5BA2F002984FE /* RepositoryDetailsViewController.swift */,
				3B2D0F8527F5BA3A002984FE /* RepositoryDetailsViewController.storyboard */,
			);
			path = View;
			sourceTree = "<group>";
		};
		3B8EEF6F27F452F2007EA4F1 = {
			isa = PBXGroup;
			children = (
				3B8EEF7A27F452F2007EA4F1 /* FRT_Task */,
				3B8EEF7927F452F2007EA4F1 /* Products */,
			);
			sourceTree = "<group>";
		};
		3B8EEF7927F452F2007EA4F1 /* Products */ = {
			isa = PBXGroup;
			children = (
				3B8EEF7827F452F2007EA4F1 /* FRT_Task.app */,
			);
			name = Products;
			sourceTree = "<group>";
		};
		3B8EEF7A27F452F2007EA4F1 /* FRT_Task */ = {
			isa = PBXGroup;
			children = (
				3B8EEF9727F455DE007EA4F1 /* App */,
				3B8EEF9627F455D2007EA4F1 /* Infrastructure */,
				3B8EEF9427F455BB007EA4F1 /* Presentation */,
				3B8EEF9327F455A6007EA4F1 /* Resources */,
				3B8EEF9227F454FD007EA4F1 /* Supporting Files */,
			);
			path = FRT_Task;
			sourceTree = "<group>";
		};
		3B8EEF9227F454FD007EA4F1 /* Supporting Files */ = {
			isa = PBXGroup;
			children = (
				3B8EEF8927F452F4007EA4F1 /* LaunchScreen.storyboard */,
				3B8EEF8C27F452F4007EA4F1 /* Info.plist */,
			);
			path = "Supporting Files";
			sourceTree = "<group>";
		};
		3B8EEF9327F455A6007EA4F1 /* Resources */ = {
			isa = PBXGroup;
			children = (
				3B8EEF8727F452F4007EA4F1 /* Assets.xcassets */,
			);
			path = Resources;
			sourceTree = "<group>";
		};
		3B8EEF9427F455BB007EA4F1 /* Presentation */ = {
			isa = PBXGroup;
			children = (
				3B8EEF9527F455C6007EA4F1 /* Scenes */,
			);
			path = Presentation;
			sourceTree = "<group>";
		};
		3B8EEF9527F455C6007EA4F1 /* Scenes */ = {
			isa = PBXGroup;
			children = (
				3B8EEFC227F4C88A007EA4F1 /* Repository Details Scene */,
				3B8EEFA927F4729B007EA4F1 /* Main Dashboard Scene */,
				3B8EEF9B27F45701007EA4F1 /* Welcome Scene */,
			);
			path = Scenes;
			sourceTree = "<group>";
		};
		3B8EEF9627F455D2007EA4F1 /* Infrastructure */ = {
			isa = PBXGroup;
			children = (
				3B8EEFDA27F4F13B007EA4F1 /* Domain */,
				3B8EEFD927F4F12F007EA4F1 /* Contants */,
				3B8EEFCE27F4E066007EA4F1 /* Extensions */,
				3B8EEFA627F4597E007EA4F1 /* Dialog Alerts */,
				3B8EEFA227F45944007EA4F1 /* Custom UI Components */,
				3B8EEF9827F4560B007EA4F1 /* Managers */,
			);
			path = Infrastructure;
			sourceTree = "<group>";
		};
		3B8EEF9727F455DE007EA4F1 /* App */ = {
			isa = PBXGroup;
			children = (
				3B8EEF7B27F452F2007EA4F1 /* AppDelegate.swift */,
				3B8EEF7D27F452F2007EA4F1 /* SceneDelegate.swift */,
			);
			path = App;
			sourceTree = "<group>";
		};
		3B8EEF9827F4560B007EA4F1 /* Managers */ = {
			isa = PBXGroup;
			children = (
				3B8EEF9A27F45626007EA4F1 /* LocalDatabase */,
				3B8EEF9927F45618007EA4F1 /* NetworkManager */,
			);
			path = Managers;
			sourceTree = "<group>";
		};
		3B8EEF9927F45618007EA4F1 /* NetworkManager */ = {
			isa = PBXGroup;
			children = (
				3B8EEFD327F4EFE4007EA4F1 /* NetworkManager.swift */,
				3B8EEFD727F4F0BE007EA4F1 /* RepositoryNetworkManager.swift */,
			);
			path = NetworkManager;
			sourceTree = "<group>";
		};
		3B8EEF9A27F45626007EA4F1 /* LocalDatabase */ = {
			isa = PBXGroup;
			children = (
				3B8EEF8427F452F2007EA4F1 /* FRT_Task.xcdatamodeld */,
				3B2D0F8B27F624B0002984FE /* FavoriteCoreDataManager.swift */,
			);
			path = LocalDatabase;
			sourceTree = "<group>";
		};
		3B8EEF9B27F45701007EA4F1 /* Welcome Scene */ = {
			isa = PBXGroup;
			children = (
				3B8EEF9D27F45715007EA4F1 /* View */,
				3B8EEF9C27F4570D007EA4F1 /* ViewModel */,
			);
			path = "Welcome Scene";
			sourceTree = "<group>";
		};
		3B8EEF9C27F4570D007EA4F1 /* ViewModel */ = {
			isa = PBXGroup;
			children = (
			);
			path = ViewModel;
			sourceTree = "<group>";
		};
		3B8EEF9D27F45715007EA4F1 /* View */ = {
			isa = PBXGroup;
			children = (
				3B8EEF9E27F45749007EA4F1 /* WelcomeViewController.swift */,
				3B8EEFA027F45759007EA4F1 /* WelcomeViewController.storyboard */,
			);
			path = View;
			sourceTree = "<group>";
		};
		3B8EEFA227F45944007EA4F1 /* Custom UI Components */ = {
			isa = PBXGroup;
			children = (
				3B8EEFA327F45956007EA4F1 /* GradientView.swift */,
				3B8EEFC327F4CA23007EA4F1 /* FloatingLabelInput.swift */,
			);
			path = "Custom UI Components";
			sourceTree = "<group>";
		};
		3B8EEFA627F4597E007EA4F1 /* Dialog Alerts */ = {
			isa = PBXGroup;
			children = (
				3B8EEFA727F459A1007EA4F1 /* DialogAlertsForActions.swift */,
			);
			path = "Dialog Alerts";
			sourceTree = "<group>";
		};
		3B8EEFA927F4729B007EA4F1 /* Main Dashboard Scene */ = {
			isa = PBXGroup;
			children = (
				3B8EEFBB27F4BA61007EA4F1 /* Starred Repositories Scene */,
				3B8EEFB427F4B90B007EA4F1 /* Repository Search Scene  */,
				3B8EEFAB27F4B1DD007EA4F1 /* View */,
				3B8EEFAA27F4B1D8007EA4F1 /* ViewModel */,
			);
			path = "Main Dashboard Scene";
			sourceTree = "<group>";
		};
		3B8EEFAA27F4B1D8007EA4F1 /* ViewModel */ = {
			isa = PBXGroup;
			children = (
			);
			path = ViewModel;
			sourceTree = "<group>";
		};
		3B8EEFAB27F4B1DD007EA4F1 /* View */ = {
			isa = PBXGroup;
			children = (
				3B8EEFB027F4B33A007EA4F1 /* MainDashboardTabBarController.swift */,
				3B8EEFB227F4B345007EA4F1 /* MainDashboardTabBarController.storyboard */,
			);
			path = View;
			sourceTree = "<group>";
		};
		3B8EEFB427F4B90B007EA4F1 /* Repository Search Scene  */ = {
			isa = PBXGroup;
			children = (
				3B8EEFC927F4DFF5007EA4F1 /* Repository Cell */,
				3B8EEFBA27F4B972007EA4F1 /* View */,
				3B8EEFB927F4B969007EA4F1 /* ViewModel */,
			);
			path = "Repository Search Scene ";
			sourceTree = "<group>";
		};
		3B8EEFB927F4B969007EA4F1 /* ViewModel */ = {
			isa = PBXGroup;
			children = (
				3B8EEFC527F4DE50007EA4F1 /* RepositorySearchDataService.swift */,
				3B8EEFC727F4DEFC007EA4F1 /* RepositorySearchModel.swift */,
			);
			path = ViewModel;
			sourceTree = "<group>";
		};
		3B8EEFBA27F4B972007EA4F1 /* View */ = {
			isa = PBXGroup;
			children = (
				3B8EEFB527F4B952007EA4F1 /* RepositorySearchViewController.swift */,
				3B8EEFB727F4B95F007EA4F1 /* RepositorySearchViewController.storyboard */,
				3B2D0F8927F5BB46002984FE /* RepositorySearchNavigationController.swift */,
			);
			path = View;
			sourceTree = "<group>";
		};
		3B8EEFBB27F4BA61007EA4F1 /* Starred Repositories Scene */ = {
			isa = PBXGroup;
			children = (
				3B8EEFC127F4BABD007EA4F1 /* View */,
				3B8EEFC027F4BAB8007EA4F1 /* ViewModel */,
			);
			path = "Starred Repositories Scene";
			sourceTree = "<group>";
		};
		3B8EEFC027F4BAB8007EA4F1 /* ViewModel */ = {
			isa = PBXGroup;
			children = (
				3B2D0F8F27F64D2D002984FE /* StarredRepositoriesDataService.swift */,
				3B2D0F9127F64D75002984FE /* StarredRepositoriesModel.swift */,
			);
			path = ViewModel;
			sourceTree = "<group>";
		};
		3B8EEFC127F4BABD007EA4F1 /* View */ = {
			isa = PBXGroup;
			children = (
				3B8EEFBC27F4BA82007EA4F1 /* StarredRepositoriesViewController.swift */,
				3B8EEFBE27F4BA8C007EA4F1 /* StarredRepositoriesViewController.storyboard */,
				3B2D0F8D27F64B09002984FE /* StarredRepositoriesNavigationController.swift */,
			);
			path = View;
			sourceTree = "<group>";
		};
		3B8EEFC227F4C88A007EA4F1 /* Repository Details Scene */ = {
			isa = PBXGroup;
			children = (
				3B2D0F8827F5BA4A002984FE /* View */,
				3B2D0F8727F5BA45002984FE /* ViewModel */,
			);
			path = "Repository Details Scene";
			sourceTree = "<group>";
		};
		3B8EEFC927F4DFF5007EA4F1 /* Repository Cell */ = {
			isa = PBXGroup;
			children = (
				3B8EEFCA27F4E027007EA4F1 /* RepositoryCell.swift */,
				3B8EEFCB27F4E027007EA4F1 /* RepositoryCell.xib */,
			);
			path = "Repository Cell";
			sourceTree = "<group>";
		};
		3B8EEFCE27F4E066007EA4F1 /* Extensions */ = {
			isa = PBXGroup;
			children = (
				3B8EEFCF27F4E084007EA4F1 /* UITableViewCell+Extension.swift */,
				3B8EEFD127F4E0A3007EA4F1 /* UITableView+Extension.swift */,
				3B8EEFD527F4F01B007EA4F1 /* URLExtensions.swift */,
			);
			path = Extensions;
			sourceTree = "<group>";
		};
		3B8EEFD927F4F12F007EA4F1 /* Contants */ = {
			isa = PBXGroup;
			children = (
				3B8EEFDB27F4F16A007EA4F1 /* RepositoryConstants.swift */,
			);
			path = Contants;
			sourceTree = "<group>";
		};
		3B8EEFDA27F4F13B007EA4F1 /* Domain */ = {
			isa = PBXGroup;
			children = (
				3B8EEFDD27F4F393007EA4F1 /* Model */,
			);
			path = Domain;
			sourceTree = "<group>";
		};
		3B8EEFDD27F4F393007EA4F1 /* Model */ = {
			isa = PBXGroup;
			children = (
				3B8EEFDE27F4F3AC007EA4F1 /* RepositoryModel.swift */,
			);
			path = Model;
			sourceTree = "<group>";
		};
/* End PBXGroup section */

/* Begin PBXNativeTarget section */
		3B8EEF7727F452F2007EA4F1 /* FRT_Task */ = {
			isa = PBXNativeTarget;
			buildConfigurationList = 3B8EEF8F27F452F4007EA4F1 /* Build configuration list for PBXNativeTarget "FRT_Task" */;
			buildPhases = (
				3B8EEF7427F452F2007EA4F1 /* Sources */,
				3B8EEF7527F452F2007EA4F1 /* Frameworks */,
				3B8EEF7627F452F2007EA4F1 /* Resources */,
			);
			buildRules = (
			);
			dependencies = (
			);
			name = FRT_Task;
			packageProductDependencies = (
				3B8EEFE127F50BCF007EA4F1 /* Kingfisher */,
			);
			productName = FRT_Task;
			productReference = 3B8EEF7827F452F2007EA4F1 /* FRT_Task.app */;
			productType = "com.apple.product-type.application";
		};
/* End PBXNativeTarget section */

/* Begin PBXProject section */
		3B8EEF7027F452F2007EA4F1 /* Project object */ = {
			isa = PBXProject;
			attributes = {
				BuildIndependentTargetsInParallel = 1;
				LastSwiftUpdateCheck = 1330;
				LastUpgradeCheck = 1330;
				TargetAttributes = {
					3B8EEF7727F452F2007EA4F1 = {
						CreatedOnToolsVersion = 13.3;
					};
				};
			};
			buildConfigurationList = 3B8EEF7327F452F2007EA4F1 /* Build configuration list for PBXProject "FRT_Task" */;
			compatibilityVersion = "Xcode 13.0";
			developmentRegion = en;
			hasScannedForEncodings = 0;
			knownRegions = (
				en,
				Base,
			);
			mainGroup = 3B8EEF6F27F452F2007EA4F1;
			packageReferences = (
				3B8EEFE027F50BCF007EA4F1 /* XCRemoteSwiftPackageReference "Kingfisher" */,
			);
			productRefGroup = 3B8EEF7927F452F2007EA4F1 /* Products */;
			projectDirPath = "";
			projectRoot = "";
			targets = (
				3B8EEF7727F452F2007EA4F1 /* FRT_Task */,
			);
		};
/* End PBXProject section */

/* Begin PBXResourcesBuildPhase section */
		3B8EEF7627F452F2007EA4F1 /* Resources */ = {
			isa = PBXResourcesBuildPhase;
			buildActionMask = 2147483647;
			files = (
				3B8EEFB327F4B345007EA4F1 /* MainDashboardTabBarController.storyboard in Resources */,
				3B8EEFCD27F4E027007EA4F1 /* RepositoryCell.xib in Resources */,
				3B8EEFA127F45759007EA4F1 /* WelcomeViewController.storyboard in Resources */,
				3B8EEF8B27F452F4007EA4F1 /* LaunchScreen.storyboard in Resources */,
				3B8EEFBF27F4BA8C007EA4F1 /* StarredRepositoriesViewController.storyboard in Resources */,
				3B8EEF8827F452F4007EA4F1 /* Assets.xcassets in Resources */,
				3B2D0F8627F5BA3A002984FE /* RepositoryDetailsViewController.storyboard in Resources */,
				3B8EEFB827F4B95F007EA4F1 /* RepositorySearchViewController.storyboard in Resources */,
			);
			runOnlyForDeploymentPostprocessing = 0;
		};
/* End PBXResourcesBuildPhase section */

/* Begin PBXSourcesBuildPhase section */
		3B8EEF7427F452F2007EA4F1 /* Sources */ = {
			isa = PBXSourcesBuildPhase;
			buildActionMask = 2147483647;
			files = (
				3B8EEFD827F4F0BE007EA4F1 /* RepositoryNetworkManager.swift in Sources */,
				3B2D0F8C27F624B0002984FE /* FavoriteCoreDataManager.swift in Sources */,
				3B8EEFDF27F4F3AC007EA4F1 /* RepositoryModel.swift in Sources */,
				3B8EEFBD27F4BA82007EA4F1 /* StarredRepositoriesViewController.swift in Sources */,
				3B8EEF9F27F45749007EA4F1 /* WelcomeViewController.swift in Sources */,
				3B2D0F9227F64D75002984FE /* StarredRepositoriesModel.swift in Sources */,
				3B8EEFD227F4E0A4007EA4F1 /* UITableView+Extension.swift in Sources */,
				3B8EEFB127F4B33A007EA4F1 /* MainDashboardTabBarController.swift in Sources */,
				3B8EEFD427F4EFE4007EA4F1 /* NetworkManager.swift in Sources */,
				3B8EEFDC27F4F16A007EA4F1 /* RepositoryConstants.swift in Sources */,
				3B8EEF7C27F452F2007EA4F1 /* AppDelegate.swift in Sources */,
				3B2D0F8A27F5BB46002984FE /* RepositorySearchNavigationController.swift in Sources */,
				3B8EEFA427F45956007EA4F1 /* GradientView.swift in Sources */,
				3B8EEFB627F4B952007EA4F1 /* RepositorySearchViewController.swift in Sources */,
				3B8EEF7E27F452F2007EA4F1 /* SceneDelegate.swift in Sources */,
				3B8EEFD027F4E084007EA4F1 /* UITableViewCell+Extension.swift in Sources */,
				3B8EEFC827F4DEFC007EA4F1 /* RepositorySearchModel.swift in Sources */,
				3B2D0F8427F5BA2F002984FE /* RepositoryDetailsViewController.swift in Sources */,
				3B2D0F8E27F64B09002984FE /* StarredRepositoriesNavigationController.swift in Sources */,
				3B8EEFD627F4F01B007EA4F1 /* URLExtensions.swift in Sources */,
				3B8EEFCC27F4E027007EA4F1 /* RepositoryCell.swift in Sources */,
				3B8EEFC627F4DE50007EA4F1 /* RepositorySearchDataService.swift in Sources */,
				3B8EEFA827F459A1007EA4F1 /* DialogAlertsForActions.swift in Sources */,
				3B2D0F9027F64D2D002984FE /* StarredRepositoriesDataService.swift in Sources */,
				3B8EEF8627F452F2007EA4F1 /* FRT_Task.xcdatamodeld in Sources */,
				3B8EEFC427F4CA23007EA4F1 /* FloatingLabelInput.swift in Sources */,
			);
			runOnlyForDeploymentPostprocessing = 0;
		};
/* End PBXSourcesBuildPhase section */

/* Begin PBXVariantGroup section */
		3B8EEF8927F452F4007EA4F1 /* LaunchScreen.storyboard */ = {
			isa = PBXVariantGroup;
			children = (
				3B8EEF8A27F452F4007EA4F1 /* Base */,
			);
			name = LaunchScreen.storyboard;
			sourceTree = "<group>";
		};
/* End PBXVariantGroup section */

/* Begin XCBuildConfiguration section */
		3B8EEF8D27F452F4007EA4F1 /* Debug */ = {
			isa = XCBuildConfiguration;
			buildSettings = {
				ALWAYS_SEARCH_USER_PATHS = NO;
				CLANG_ANALYZER_NONNULL = YES;
				CLANG_ANALYZER_NUMBER_OBJECT_CONVERSION = YES_AGGRESSIVE;
				CLANG_CXX_LANGUAGE_STANDARD = "gnu++17";
				CLANG_ENABLE_MODULES = YES;
				CLANG_ENABLE_OBJC_ARC = YES;
				CLANG_ENABLE_OBJC_WEAK = YES;
				CLANG_WARN_BLOCK_CAPTURE_AUTORELEASING = YES;
				CLANG_WARN_BOOL_CONVERSION = YES;
				CLANG_WARN_COMMA = YES;
				CLANG_WARN_CONSTANT_CONVERSION = YES;
				CLANG_WARN_DEPRECATED_OBJC_IMPLEMENTATIONS = YES;
				CLANG_WARN_DIRECT_OBJC_ISA_USAGE = YES_ERROR;
				CLANG_WARN_DOCUMENTATION_COMMENTS = YES;
				CLANG_WARN_EMPTY_BODY = YES;
				CLANG_WARN_ENUM_CONVERSION = YES;
				CLANG_WARN_INFINITE_RECURSION = YES;
				CLANG_WARN_INT_CONVERSION = YES;
				CLANG_WARN_NON_LITERAL_NULL_CONVERSION = YES;
				CLANG_WARN_OBJC_IMPLICIT_RETAIN_SELF = YES;
				CLANG_WARN_OBJC_LITERAL_CONVERSION = YES;
				CLANG_WARN_OBJC_ROOT_CLASS = YES_ERROR;
				CLANG_WARN_QUOTED_INCLUDE_IN_FRAMEWORK_HEADER = YES;
				CLANG_WARN_RANGE_LOOP_ANALYSIS = YES;
				CLANG_WARN_STRICT_PROTOTYPES = YES;
				CLANG_WARN_SUSPICIOUS_MOVE = YES;
				CLANG_WARN_UNGUARDED_AVAILABILITY = YES_AGGRESSIVE;
				CLANG_WARN_UNREACHABLE_CODE = YES;
				CLANG_WARN__DUPLICATE_METHOD_MATCH = YES;
				COPY_PHASE_STRIP = NO;
				DEBUG_INFORMATION_FORMAT = dwarf;
				ENABLE_STRICT_OBJC_MSGSEND = YES;
				ENABLE_TESTABILITY = YES;
				GCC_C_LANGUAGE_STANDARD = gnu11;
				GCC_DYNAMIC_NO_PIC = NO;
				GCC_NO_COMMON_BLOCKS = YES;
				GCC_OPTIMIZATION_LEVEL = 0;
				GCC_PREPROCESSOR_DEFINITIONS = (
					"DEBUG=1",
					"$(inherited)",
				);
				GCC_WARN_64_TO_32_BIT_CONVERSION = YES;
				GCC_WARN_ABOUT_RETURN_TYPE = YES_ERROR;
				GCC_WARN_UNDECLARED_SELECTOR = YES;
				GCC_WARN_UNINITIALIZED_AUTOS = YES_AGGRESSIVE;
				GCC_WARN_UNUSED_FUNCTION = YES;
				GCC_WARN_UNUSED_VARIABLE = YES;
				IPHONEOS_DEPLOYMENT_TARGET = 15.4;
				MTL_ENABLE_DEBUG_INFO = INCLUDE_SOURCE;
				MTL_FAST_MATH = YES;
				ONLY_ACTIVE_ARCH = YES;
				SDKROOT = iphoneos;
				SWIFT_ACTIVE_COMPILATION_CONDITIONS = DEBUG;
				SWIFT_OPTIMIZATION_LEVEL = "-Onone";
			};
			name = Debug;
		};
		3B8EEF8E27F452F4007EA4F1 /* Release */ = {
			isa = XCBuildConfiguration;
			buildSettings = {
				ALWAYS_SEARCH_USER_PATHS = NO;
				CLANG_ANALYZER_NONNULL = YES;
				CLANG_ANALYZER_NUMBER_OBJECT_CONVERSION = YES_AGGRESSIVE;
				CLANG_CXX_LANGUAGE_STANDARD = "gnu++17";
				CLANG_ENABLE_MODULES = YES;
				CLANG_ENABLE_OBJC_ARC = YES;
				CLANG_ENABLE_OBJC_WEAK = YES;
				CLANG_WARN_BLOCK_CAPTURE_AUTORELEASING = YES;
				CLANG_WARN_BOOL_CONVERSION = YES;
				CLANG_WARN_COMMA = YES;
				CLANG_WARN_CONSTANT_CONVERSION = YES;
				CLANG_WARN_DEPRECATED_OBJC_IMPLEMENTATIONS = YES;
				CLANG_WARN_DIRECT_OBJC_ISA_USAGE = YES_ERROR;
				CLANG_WARN_DOCUMENTATION_COMMENTS = YES;
				CLANG_WARN_EMPTY_BODY = YES;
				CLANG_WARN_ENUM_CONVERSION = YES;
				CLANG_WARN_INFINITE_RECURSION = YES;
				CLANG_WARN_INT_CONVERSION = YES;
				CLANG_WARN_NON_LITERAL_NULL_CONVERSION = YES;
				CLANG_WARN_OBJC_IMPLICIT_RETAIN_SELF = YES;
				CLANG_WARN_OBJC_LITERAL_CONVERSION = YES;
				CLANG_WARN_OBJC_ROOT_CLASS = YES_ERROR;
				CLANG_WARN_QUOTED_INCLUDE_IN_FRAMEWORK_HEADER = YES;
				CLANG_WARN_RANGE_LOOP_ANALYSIS = YES;
				CLANG_WARN_STRICT_PROTOTYPES = YES;
				CLANG_WARN_SUSPICIOUS_MOVE = YES;
				CLANG_WARN_UNGUARDED_AVAILABILITY = YES_AGGRESSIVE;
				CLANG_WARN_UNREACHABLE_CODE = YES;
				CLANG_WARN__DUPLICATE_METHOD_MATCH = YES;
				COPY_PHASE_STRIP = NO;
				DEBUG_INFORMATION_FORMAT = "dwarf-with-dsym";
				ENABLE_NS_ASSERTIONS = NO;
				ENABLE_STRICT_OBJC_MSGSEND = YES;
				GCC_C_LANGUAGE_STANDARD = gnu11;
				GCC_NO_COMMON_BLOCKS = YES;
				GCC_WARN_64_TO_32_BIT_CONVERSION = YES;
				GCC_WARN_ABOUT_RETURN_TYPE = YES_ERROR;
				GCC_WARN_UNDECLARED_SELECTOR = YES;
				GCC_WARN_UNINITIALIZED_AUTOS = YES_AGGRESSIVE;
				GCC_WARN_UNUSED_FUNCTION = YES;
				GCC_WARN_UNUSED_VARIABLE = YES;
				IPHONEOS_DEPLOYMENT_TARGET = 15.4;
				MTL_ENABLE_DEBUG_INFO = NO;
				MTL_FAST_MATH = YES;
				SDKROOT = iphoneos;
				SWIFT_COMPILATION_MODE = wholemodule;
				SWIFT_OPTIMIZATION_LEVEL = "-O";
				VALIDATE_PRODUCT = YES;
			};
			name = Release;
		};
		3B8EEF9027F452F4007EA4F1 /* Debug */ = {
			isa = XCBuildConfiguration;
			buildSettings = {
				ASSETCATALOG_COMPILER_APPICON_NAME = AppIcon;
				ASSETCATALOG_COMPILER_GLOBAL_ACCENT_COLOR_NAME = AccentColor;
				CODE_SIGN_STYLE = Automatic;
				CURRENT_PROJECT_VERSION = 1;
				GENERATE_INFOPLIST_FILE = YES;
				INFOPLIST_FILE = "FRT_Task/Supporting Files/Info.plist";
				INFOPLIST_KEY_UIApplicationSupportsIndirectInputEvents = YES;
				INFOPLIST_KEY_UILaunchStoryboardName = LaunchScreen;
				INFOPLIST_KEY_UIMainStoryboardFile = LaunchScreen;
				INFOPLIST_KEY_UISupportedInterfaceOrientations = UIInterfaceOrientationPortrait;
				INFOPLIST_KEY_UISupportedInterfaceOrientations_iPad = "UIInterfaceOrientationPortrait UIInterfaceOrientationPortraitUpsideDown UIInterfaceOrientationLandscapeLeft UIInterfaceOrientationLandscapeRight";
				INFOPLIST_KEY_UISupportedInterfaceOrientations_iPhone = "UIInterfaceOrientationPortrait UIInterfaceOrientationLandscapeLeft UIInterfaceOrientationLandscapeRight";
				IPHONEOS_DEPLOYMENT_TARGET = 14.5;
				LD_RUNPATH_SEARCH_PATHS = (
					"$(inherited)",
					"@executable_path/Frameworks",
				);
				MARKETING_VERSION = 1.0;
				PRODUCT_BUNDLE_IDENTIFIER = "ika.ikakooo.pro.FRT-Task";
				PRODUCT_NAME = "$(TARGET_NAME)";
				SWIFT_EMIT_LOC_STRINGS = YES;
				SWIFT_VERSION = 5.0;
				TARGETED_DEVICE_FAMILY = "1,2";
			};
			name = Debug;
		};
		3B8EEF9127F452F4007EA4F1 /* Release */ = {
			isa = XCBuildConfiguration;
			buildSettings = {
				ASSETCATALOG_COMPILER_APPICON_NAME = AppIcon;
				ASSETCATALOG_COMPILER_GLOBAL_ACCENT_COLOR_NAME = AccentColor;
				CODE_SIGN_STYLE = Automatic;
				CURRENT_PROJECT_VERSION = 1;
				GENERATE_INFOPLIST_FILE = YES;
				INFOPLIST_FILE = "FRT_Task/Supporting Files/Info.plist";
				INFOPLIST_KEY_UIApplicationSupportsIndirectInputEvents = YES;
				INFOPLIST_KEY_UILaunchStoryboardName = LaunchScreen;
				INFOPLIST_KEY_UIMainStoryboardFile = LaunchScreen;
				INFOPLIST_KEY_UISupportedInterfaceOrientations = UIInterfaceOrientationPortrait;
				INFOPLIST_KEY_UISupportedInterfaceOrientations_iPad = "UIInterfaceOrientationPortrait UIInterfaceOrientationPortraitUpsideDown UIInterfaceOrientationLandscapeLeft UIInterfaceOrientationLandscapeRight";
				INFOPLIST_KEY_UISupportedInterfaceOrientations_iPhone = "UIInterfaceOrientationPortrait UIInterfaceOrientationLandscapeLeft UIInterfaceOrientationLandscapeRight";
				IPHONEOS_DEPLOYMENT_TARGET = 14.5;
				LD_RUNPATH_SEARCH_PATHS = (
					"$(inherited)",
					"@executable_path/Frameworks",
				);
				MARKETING_VERSION = 1.0;
				PRODUCT_BUNDLE_IDENTIFIER = "ika.ikakooo.pro.FRT-Task";
				PRODUCT_NAME = "$(TARGET_NAME)";
				SWIFT_EMIT_LOC_STRINGS = YES;
				SWIFT_VERSION = 5.0;
				TARGETED_DEVICE_FAMILY = "1,2";
			};
			name = Release;
		};
/* End XCBuildConfiguration section */

/* Begin XCConfigurationList section */
		3B8EEF7327F452F2007EA4F1 /* Build configuration list for PBXProject "FRT_Task" */ = {
			isa = XCConfigurationList;
			buildConfigurations = (
				3B8EEF8D27F452F4007EA4F1 /* Debug */,
				3B8EEF8E27F452F4007EA4F1 /* Release */,
			);
			defaultConfigurationIsVisible = 0;
			defaultConfigurationName = Release;
		};
		3B8EEF8F27F452F4007EA4F1 /* Build configuration list for PBXNativeTarget "FRT_Task" */ = {
			isa = XCConfigurationList;
			buildConfigurations = (
				3B8EEF9027F452F4007EA4F1 /* Debug */,
				3B8EEF9127F452F4007EA4F1 /* Release */,
			);
			defaultConfigurationIsVisible = 0;
			defaultConfigurationName = Release;
		};
/* End XCConfigurationList section */

/* Begin XCRemoteSwiftPackageReference section */
		3B8EEFE027F50BCF007EA4F1 /* XCRemoteSwiftPackageReference "Kingfisher" */ = {
			isa = XCRemoteSwiftPackageReference;
			repositoryURL = "https://github.com/onevcat/Kingfisher";
			requirement = {
				kind = exactVersion;
				version = 7.2.0;
			};
		};
/* End XCRemoteSwiftPackageReference section */

/* Begin XCSwiftPackageProductDependency section */
		3B8EEFE127F50BCF007EA4F1 /* Kingfisher */ = {
			isa = XCSwiftPackageProductDependency;
			package = 3B8EEFE027F50BCF007EA4F1 /* XCRemoteSwiftPackageReference "Kingfisher" */;
			productName = Kingfisher;
		};
/* End XCSwiftPackageProductDependency section */

/* Begin XCVersionGroup section */
		3B8EEF8427F452F2007EA4F1 /* FRT_Task.xcdatamodeld */ = {
			isa = XCVersionGroup;
			children = (
				3B8EEF8527F452F2007EA4F1 /* FRT_Task.xcdatamodel */,
			);
			currentVersion = 3B8EEF8527F452F2007EA4F1 /* FRT_Task.xcdatamodel */;
			path = FRT_Task.xcdatamodeld;
			sourceTree = "<group>";
			versionGroupType = wrapper.xcdatamodel;
		};
/* End XCVersionGroup section */
	};
	rootObject = 3B8EEF7027F452F2007EA4F1 /* Project object */;
}
