// !$*UTF8*$!
{
	archiveVersion = 1;
	classes = {
	};
	objectVersion = 55;
	objects = {

/* Begin PBXBuildFile section */
		3B8EEF7C27F452F2007EA4F1 /* AppDelegate.swift in Sources */ = {isa = PBXBuildFile; fileRef = 3B8EEF7B27F452F2007EA4F1 /* AppDelegate.swift */; };
		3B8EEF7E27F452F2007EA4F1 /* SceneDelegate.swift in Sources */ = {isa = PBXBuildFile; fileRef = 3B8EEF7D27F452F2007EA4F1 /* SceneDelegate.swift */; };
		3B8EEF8627F452F2007EA4F1 /* FRT_Task.xcdatamodeld in Sources */ = {isa = PBXBuildFile; fileRef = 3B8EEF8427F452F2007EA4F1 /* FRT_Task.xcdatamodeld */; };
		3B8EEF8827F452F4007EA4F1 /* Assets.xcassets in Resources */ = {isa = PBXBuildFile; fileRef = 3B8EEF8727F452F4007EA4F1 /* Assets.xcassets */; };
		3B8EEF8B27F452F4007EA4F1 /* LaunchScreen.storyboard in Resources */ = {isa = PBXBuildFile; fileRef = 3B8EEF8927F452F4007EA4F1 /* LaunchScreen.storyboard */; };
		3B8EEF9F27F45749007EA4F1 /* WelcomeViewController.swift in Sources */ = {isa = PBXBuildFile; fileRef = 3B8EEF9E27F45749007EA4F1 /* WelcomeViewController.swift */; };
		3B8EEFA127F45759007EA4F1 /* WelcomeViewController.storyboard in Resources */ = {isa = PBXBuildFile; fileRef = 3B8EEFA027F45759007EA4F1 /* WelcomeViewController.storyboard */; };
		3B8EEFA427F45956007EA4F1 /* GradientView.swift in Sources */ = {isa = PBXBuildFile; fileRef = 3B8EEFA327F45956007EA4F1 /* GradientView.swift */; };
		3B8EEFA827F459A1007EA4F1 /* DialogAlertsForActions.swift in Sources */ = {isa = PBXBuildFile; fileRef = 3B8EEFA727F459A1007EA4F1 /* DialogAlertsForActions.swift */; };
/* End PBXBuildFile section */

/* Begin PBXFileReference section */
		3B8EEF7827F452F2007EA4F1 /* FRT_Task.app */ = {isa = PBXFileReference; explicitFileType = wrapper.application; includeInIndex = 0; path = FRT_Task.app; sourceTree = BUILT_PRODUCTS_DIR; };
		3B8EEF7B27F452F2007EA4F1 /* AppDelegate.swift */ = {isa = PBXFileReference; lastKnownFileType = sourcecode.swift; path = AppDelegate.swift; sourceTree = "<group>"; };
		3B8EEF7D27F452F2007EA4F1 /* SceneDelegate.swift */ = {isa = PBXFileReference; lastKnownFileType = sourcecode.swift; path = SceneDelegate.swift; sourceTree = "<group>"; };
		3B8EEF8527F452F2007EA4F1 /* FRT_Task.xcdatamodel */ = {isa = PBXFileReference; lastKnownFileType = wrapper.xcdatamodel; path = FRT_Task.xcdatamodel; sourceTree = "<group>"; };
		3B8EEF8727F452F4007EA4F1 /* Assets.xcassets */ = {isa = PBXFileReference; lastKnownFileType = folder.assetcatalog; path = Assets.xcassets; sourceTree = "<group>"; };
		3B8EEF8A27F452F4007EA4F1 /* Base */ = {isa = PBXFileReference; lastKnownFileType = file.storyboard; name = Base; path = Base.lproj/LaunchScreen.storyboard; sourceTree = "<group>"; };
		3B8EEF8C27F452F4007EA4F1 /* Info.plist */ = {isa = PBXFileReference; lastKnownFileType = text.plist.xml; path = Info.plist; sourceTree = "<group>"; };
		3B8EEF9E27F45749007EA4F1 /* WelcomeViewController.swift */ = {isa = PBXFileReference; lastKnownFileType = sourcecode.swift; path = WelcomeViewController.swift; sourceTree = "<group>"; };
		3B8EEFA027F45759007EA4F1 /* WelcomeViewController.storyboard */ = {isa = PBXFileReference; lastKnownFileType = file.storyboard; path = WelcomeViewController.storyboard; sourceTree = "<group>"; };
		3B8EEFA327F45956007EA4F1 /* GradientView.swift */ = {isa = PBXFileReference; lastKnownFileType = sourcecode.swift; path = GradientView.swift; sourceTree = "<group>"; };
		3B8EEFA727F459A1007EA4F1 /* DialogAlertsForActions.swift */ = {isa = PBXFileReference; lastKnownFileType = sourcecode.swift; path = DialogAlertsForActions.swift; sourceTree = "<group>"; };
/* End PBXFileReference section */

/* Begin PBXFrameworksBuildPhase section */
		3B8EEF7527F452F2007EA4F1 /* Frameworks */ = {
			isa = PBXFrameworksBuildPhase;
			buildActionMask = 2147483647;
			files = (
			);
			runOnlyForDeploymentPostprocessing = 0;
		};
/* End PBXFrameworksBuildPhase section */

/* Begin PBXGroup section */
		3B8EEF6F27F452F2007EA4F1 = {
			isa = PBXGroup;
			children = (
				3B8EEF7A27F452F2007EA4F1 /* FRT_Task */,
				3B8EEF7927F452F2007EA4F1 /* Products */,
			);
			sourceTree = "<group>";
		};
		3B8EEF7927F452F2007EA4F1 /* Products */ = {
			isa = PBXGroup;
			children = (
				3B8EEF7827F452F2007EA4F1 /* FRT_Task.app */,
			);
			name = Products;
			sourceTree = "<group>";
		};
		3B8EEF7A27F452F2007EA4F1 /* FRT_Task */ = {
			isa = PBXGroup;
			children = (
				3B8EEF9727F455DE007EA4F1 /* App */,
				3B8EEF9627F455D2007EA4F1 /* Infrastructure */,
				3B8EEF9427F455BB007EA4F1 /* Presentation */,
				3B8EEF9327F455A6007EA4F1 /* Resources */,
				3B8EEF9227F454FD007EA4F1 /* Supporting Files */,
			);
			path = FRT_Task;
			sourceTree = "<group>";
		};
		3B8EEF9227F454FD007EA4F1 /* Supporting Files */ = {
			isa = PBXGroup;
			children = (
				3B8EEF8927F452F4007EA4F1 /* LaunchScreen.storyboard */,
				3B8EEF8C27F452F4007EA4F1 /* Info.plist */,
			);
			path = "Supporting Files";
			sourceTree = "<group>";
		};
		3B8EEF9327F455A6007EA4F1 /* Resources */ = {
			isa = PBXGroup;
			children = (
				3B8EEF8727F452F4007EA4F1 /* Assets.xcassets */,
			);
			path = Resources;
			sourceTree = "<group>";
		};
		3B8EEF9427F455BB007EA4F1 /* Presentation */ = {
			isa = PBXGroup;
			children = (
				3B8EEF9527F455C6007EA4F1 /* Scenes */,
			);
			path = Presentation;
			sourceTree = "<group>";
		};
		3B8EEF9527F455C6007EA4F1 /* Scenes */ = {
			isa = PBXGroup;
			children = (
				3B8EEF9B27F45701007EA4F1 /* Welcome Scene */,
			);
			path = Scenes;
			sourceTree = "<group>";
		};
		3B8EEF9627F455D2007EA4F1 /* Infrastructure */ = {
			isa = PBXGroup;
			children = (
				3B8EEFA627F4597E007EA4F1 /* Dialog Alerts */,
				3B8EEFA227F45944007EA4F1 /* Custom UI Components */,
				3B8EEF9827F4560B007EA4F1 /* Managers */,
			);
			path = Infrastructure;
			sourceTree = "<group>";
		};
		3B8EEF9727F455DE007EA4F1 /* App */ = {
			isa = PBXGroup;
			children = (
				3B8EEF7B27F452F2007EA4F1 /* AppDelegate.swift */,
				3B8EEF7D27F452F2007EA4F1 /* SceneDelegate.swift */,
			);
			path = App;
			sourceTree = "<group>";
		};
		3B8EEF9827F4560B007EA4F1 /* Managers */ = {
			isa = PBXGroup;
			children = (
				3B8EEF9A27F45626007EA4F1 /* LocalDatabase */,
				3B8EEF9927F45618007EA4F1 /* NetworkManager */,
			);
			path = Managers;
			sourceTree = "<group>";
		};
		3B8EEF9927F45618007EA4F1 /* NetworkManager */ = {
			isa = PBXGroup;
			children = (
			);
			path = NetworkManager;
			sourceTree = "<group>";
		};
		3B8EEF9A27F45626007EA4F1 /* LocalDatabase */ = {
			isa = PBXGroup;
			children = (
				3B8EEF8427F452F2007EA4F1 /* FRT_Task.xcdatamodeld */,
			);
			path = LocalDatabase;
			sourceTree = "<group>";
		};
		3B8EEF9B27F45701007EA4F1 /* Welcome Scene */ = {
			isa = PBXGroup;
			children = (
				3B8EEF9D27F45715007EA4F1 /* View */,
				3B8EEF9C27F4570D007EA4F1 /* ViewModel */,
			);
			path = "Welcome Scene";
			sourceTree = "<group>";
		};
		3B8EEF9C27F4570D007EA4F1 /* ViewModel */ = {
			isa = PBXGroup;
			children = (
			);
			path = ViewModel;
			sourceTree = "<group>";
		};
		3B8EEF9D27F45715007EA4F1 /* View */ = {
			isa = PBXGroup;
			children = (
				3B8EEF9E27F45749007EA4F1 /* WelcomeViewController.swift */,
				3B8EEFA027F45759007EA4F1 /* WelcomeViewController.storyboard */,
			);
			path = View;
			sourceTree = "<group>";
		};
		3B8EEFA227F45944007EA4F1 /* Custom UI Components */ = {
			isa = PBXGroup;
			children = (
				3B8EEFA327F45956007EA4F1 /* GradientView.swift */,
			);
			path = "Custom UI Components";
			sourceTree = "<group>";
		};
		3B8EEFA627F4597E007EA4F1 /* Dialog Alerts */ = {
			isa = PBXGroup;
			children = (
				3B8EEFA727F459A1007EA4F1 /* DialogAlertsForActions.swift */,
			);
			path = "Dialog Alerts";
			sourceTree = "<group>";
		};
/* End PBXGroup section */

/* Begin PBXNativeTarget section */
		3B8EEF7727F452F2007EA4F1 /* FRT_Task */ = {
			isa = PBXNativeTarget;
			buildConfigurationList = 3B8EEF8F27F452F4007EA4F1 /* Build configuration list for PBXNativeTarget "FRT_Task" */;
			buildPhases = (
				3B8EEF7427F452F2007EA4F1 /* Sources */,
				3B8EEF7527F452F2007EA4F1 /* Frameworks */,
				3B8EEF7627F452F2007EA4F1 /* Resources */,
			);
			buildRules = (
			);
			dependencies = (
			);
			name = FRT_Task;
			productName = FRT_Task;
			productReference = 3B8EEF7827F452F2007EA4F1 /* FRT_Task.app */;
			productType = "com.apple.product-type.application";
		};
/* End PBXNativeTarget section */

/* Begin PBXProject section */
		3B8EEF7027F452F2007EA4F1 /* Project object */ = {
			isa = PBXProject;
			attributes = {
				BuildIndependentTargetsInParallel = 1;
				LastSwiftUpdateCheck = 1330;
				LastUpgradeCheck = 1330;
				TargetAttributes = {
					3B8EEF7727F452F2007EA4F1 = {
						CreatedOnToolsVersion = 13.3;
					};
				};
			};
			buildConfigurationList = 3B8EEF7327F452F2007EA4F1 /* Build configuration list for PBXProject "FRT_Task" */;
			compatibilityVersion = "Xcode 13.0";
			developmentRegion = en;
			hasScannedForEncodings = 0;
			knownRegions = (
				en,
				Base,
			);
			mainGroup = 3B8EEF6F27F452F2007EA4F1;
			productRefGroup = 3B8EEF7927F452F2007EA4F1 /* Products */;
			projectDirPath = "";
			projectRoot = "";
			targets = (
				3B8EEF7727F452F2007EA4F1 /* FRT_Task */,
			);
		};
/* End PBXProject section */

/* Begin PBXResourcesBuildPhase section */
		3B8EEF7627F452F2007EA4F1 /* Resources */ = {
			isa = PBXResourcesBuildPhase;
			buildActionMask = 2147483647;
			files = (
				3B8EEFA127F45759007EA4F1 /* WelcomeViewController.storyboard in Resources */,
				3B8EEF8B27F452F4007EA4F1 /* LaunchScreen.storyboard in Resources */,
				3B8EEF8827F452F4007EA4F1 /* Assets.xcassets in Resources */,
			);
			runOnlyForDeploymentPostprocessing = 0;
		};
/* End PBXResourcesBuildPhase section */

/* Begin PBXSourcesBuildPhase section */
		3B8EEF7427F452F2007EA4F1 /* Sources */ = {
			isa = PBXSourcesBuildPhase;
			buildActionMask = 2147483647;
			files = (
				3B8EEF9F27F45749007EA4F1 /* WelcomeViewController.swift in Sources */,
				3B8EEF7C27F452F2007EA4F1 /* AppDelegate.swift in Sources */,
				3B8EEFA427F45956007EA4F1 /* GradientView.swift in Sources */,
				3B8EEF7E27F452F2007EA4F1 /* SceneDelegate.swift in Sources */,
				3B8EEFA827F459A1007EA4F1 /* DialogAlertsForActions.swift in Sources */,
				3B8EEF8627F452F2007EA4F1 /* FRT_Task.xcdatamodeld in Sources */,
			);
			runOnlyForDeploymentPostprocessing = 0;
		};
/* End PBXSourcesBuildPhase section */

/* Begin PBXVariantGroup section */
		3B8EEF8927F452F4007EA4F1 /* LaunchScreen.storyboard */ = {
			isa = PBXVariantGroup;
			children = (
				3B8EEF8A27F452F4007EA4F1 /* Base */,
			);
			name = LaunchScreen.storyboard;
			sourceTree = "<group>";
		};
/* End PBXVariantGroup section */

/* Begin XCBuildConfiguration section */
		3B8EEF8D27F452F4007EA4F1 /* Debug */ = {
			isa = XCBuildConfiguration;
			buildSettings = {
				ALWAYS_SEARCH_USER_PATHS = NO;
				CLANG_ANALYZER_NONNULL = YES;
				CLANG_ANALYZER_NUMBER_OBJECT_CONVERSION = YES_AGGRESSIVE;
				CLANG_CXX_LANGUAGE_STANDARD = "gnu++17";
				CLANG_ENABLE_MODULES = YES;
				CLANG_ENABLE_OBJC_ARC = YES;
				CLANG_ENABLE_OBJC_WEAK = YES;
				CLANG_WARN_BLOCK_CAPTURE_AUTORELEASING = YES;
				CLANG_WARN_BOOL_CONVERSION = YES;
				CLANG_WARN_COMMA = YES;
				CLANG_WARN_CONSTANT_CONVERSION = YES;
				CLANG_WARN_DEPRECATED_OBJC_IMPLEMENTATIONS = YES;
				CLANG_WARN_DIRECT_OBJC_ISA_USAGE = YES_ERROR;
				CLANG_WARN_DOCUMENTATION_COMMENTS = YES;
				CLANG_WARN_EMPTY_BODY = YES;
				CLANG_WARN_ENUM_CONVERSION = YES;
				CLANG_WARN_INFINITE_RECURSION = YES;
				CLANG_WARN_INT_CONVERSION = YES;
				CLANG_WARN_NON_LITERAL_NULL_CONVERSION = YES;
				CLANG_WARN_OBJC_IMPLICIT_RETAIN_SELF = YES;
				CLANG_WARN_OBJC_LITERAL_CONVERSION = YES;
				CLANG_WARN_OBJC_ROOT_CLASS = YES_ERROR;
				CLANG_WARN_QUOTED_INCLUDE_IN_FRAMEWORK_HEADER = YES;
				CLANG_WARN_RANGE_LOOP_ANALYSIS = YES;
				CLANG_WARN_STRICT_PROTOTYPES = YES;
				CLANG_WARN_SUSPICIOUS_MOVE = YES;
				CLANG_WARN_UNGUARDED_AVAILABILITY = YES_AGGRESSIVE;
				CLANG_WARN_UNREACHABLE_CODE = YES;
				CLANG_WARN__DUPLICATE_METHOD_MATCH = YES;
				COPY_PHASE_STRIP = NO;
				DEBUG_INFORMATION_FORMAT = dwarf;
				ENABLE_STRICT_OBJC_MSGSEND = YES;
				ENABLE_TESTABILITY = YES;
				GCC_C_LANGUAGE_STANDARD = gnu11;
				GCC_DYNAMIC_NO_PIC = NO;
				GCC_NO_COMMON_BLOCKS = YES;
				GCC_OPTIMIZATION_LEVEL = 0;
				GCC_PREPROCESSOR_DEFINITIONS = (
					"DEBUG=1",
					"$(inherited)",
				);
				GCC_WARN_64_TO_32_BIT_CONVERSION = YES;
				GCC_WARN_ABOUT_RETURN_TYPE = YES_ERROR;
				GCC_WARN_UNDECLARED_SELECTOR = YES;
				GCC_WARN_UNINITIALIZED_AUTOS = YES_AGGRESSIVE;
				GCC_WARN_UNUSED_FUNCTION = YES;
				GCC_WARN_UNUSED_VARIABLE = YES;
				IPHONEOS_DEPLOYMENT_TARGET = 15.4;
				MTL_ENABLE_DEBUG_INFO = INCLUDE_SOURCE;
				MTL_FAST_MATH = YES;
				ONLY_ACTIVE_ARCH = YES;
				SDKROOT = iphoneos;
				SWIFT_ACTIVE_COMPILATION_CONDITIONS = DEBUG;
				SWIFT_OPTIMIZATION_LEVEL = "-Onone";
			};
			name = Debug;
		};
		3B8EEF8E27F452F4007EA4F1 /* Release */ = {
			isa = XCBuildConfiguration;
			buildSettings = {
				ALWAYS_SEARCH_USER_PATHS = NO;
				CLANG_ANALYZER_NONNULL = YES;
				CLANG_ANALYZER_NUMBER_OBJECT_CONVERSION = YES_AGGRESSIVE;
				CLANG_CXX_LANGUAGE_STANDARD = "gnu++17";
				CLANG_ENABLE_MODULES = YES;
				CLANG_ENABLE_OBJC_ARC = YES;
				CLANG_ENABLE_OBJC_WEAK = YES;
				CLANG_WARN_BLOCK_CAPTURE_AUTORELEASING = YES;
				CLANG_WARN_BOOL_CONVERSION = YES;
				CLANG_WARN_COMMA = YES;
				CLANG_WARN_CONSTANT_CONVERSION = YES;
				CLANG_WARN_DEPRECATED_OBJC_IMPLEMENTATIONS = YES;
				CLANG_WARN_DIRECT_OBJC_ISA_USAGE = YES_ERROR;
				CLANG_WARN_DOCUMENTATION_COMMENTS = YES;
				CLANG_WARN_EMPTY_BODY = YES;
				CLANG_WARN_ENUM_CONVERSION = YES;
				CLANG_WARN_INFINITE_RECURSION = YES;
				CLANG_WARN_INT_CONVERSION = YES;
				CLANG_WARN_NON_LITERAL_NULL_CONVERSION = YES;
				CLANG_WARN_OBJC_IMPLICIT_RETAIN_SELF = YES;
				CLANG_WARN_OBJC_LITERAL_CONVERSION = YES;
				CLANG_WARN_OBJC_ROOT_CLASS = YES_ERROR;
				CLANG_WARN_QUOTED_INCLUDE_IN_FRAMEWORK_HEADER = YES;
				CLANG_WARN_RANGE_LOOP_ANALYSIS = YES;
				CLANG_WARN_STRICT_PROTOTYPES = YES;
				CLANG_WARN_SUSPICIOUS_MOVE = YES;
				CLANG_WARN_UNGUARDED_AVAILABILITY = YES_AGGRESSIVE;
				CLANG_WARN_UNREACHABLE_CODE = YES;
				CLANG_WARN__DUPLICATE_METHOD_MATCH = YES;
				COPY_PHASE_STRIP = NO;
				DEBUG_INFORMATION_FORMAT = "dwarf-with-dsym";
				ENABLE_NS_ASSERTIONS = NO;
				ENABLE_STRICT_OBJC_MSGSEND = YES;
				GCC_C_LANGUAGE_STANDARD = gnu11;
				GCC_NO_COMMON_BLOCKS = YES;
				GCC_WARN_64_TO_32_BIT_CONVERSION = YES;
				GCC_WARN_ABOUT_RETURN_TYPE = YES_ERROR;
				GCC_WARN_UNDECLARED_SELECTOR = YES;
				GCC_WARN_UNINITIALIZED_AUTOS = YES_AGGRESSIVE;
				GCC_WARN_UNUSED_FUNCTION = YES;
				GCC_WARN_UNUSED_VARIABLE = YES;
				IPHONEOS_DEPLOYMENT_TARGET = 15.4;
				MTL_ENABLE_DEBUG_INFO = NO;
				MTL_FAST_MATH = YES;
				SDKROOT = iphoneos;
				SWIFT_COMPILATION_MODE = wholemodule;
				SWIFT_OPTIMIZATION_LEVEL = "-O";
				VALIDATE_PRODUCT = YES;
			};
			name = Release;
		};
		3B8EEF9027F452F4007EA4F1 /* Debug */ = {
			isa = XCBuildConfiguration;
			buildSettings = {
				ASSETCATALOG_COMPILER_APPICON_NAME = AppIcon;
				ASSETCATALOG_COMPILER_GLOBAL_ACCENT_COLOR_NAME = AccentColor;
				CODE_SIGN_STYLE = Automatic;
				CURRENT_PROJECT_VERSION = 1;
				GENERATE_INFOPLIST_FILE = YES;
				INFOPLIST_FILE = "FRT_Task/Supporting Files/Info.plist";
				INFOPLIST_KEY_UIApplicationSupportsIndirectInputEvents = YES;
				INFOPLIST_KEY_UILaunchStoryboardName = LaunchScreen;
				INFOPLIST_KEY_UIMainStoryboardFile = LaunchScreen;
				INFOPLIST_KEY_UISupportedInterfaceOrientations_iPad = "UIInterfaceOrientationPortrait UIInterfaceOrientationPortraitUpsideDown UIInterfaceOrientationLandscapeLeft UIInterfaceOrientationLandscapeRight";
				INFOPLIST_KEY_UISupportedInterfaceOrientations_iPhone = "UIInterfaceOrientationPortrait UIInterfaceOrientationLandscapeLeft UIInterfaceOrientationLandscapeRight";
				LD_RUNPATH_SEARCH_PATHS = (
					"$(inherited)",
					"@executable_path/Frameworks",
				);
				MARKETING_VERSION = 1.0;
				PRODUCT_BUNDLE_IDENTIFIER = "ika.ikakooo.pro.FRT-Task";
				PRODUCT_NAME = "$(TARGET_NAME)";
				SWIFT_EMIT_LOC_STRINGS = YES;
				SWIFT_VERSION = 5.0;
				TARGETED_DEVICE_FAMILY = "1,2";
			};
			name = Debug;
		};
		3B8EEF9127F452F4007EA4F1 /* Release */ = {
			isa = XCBuildConfiguration;
			buildSettings = {
				ASSETCATALOG_COMPILER_APPICON_NAME = AppIcon;
				ASSETCATALOG_COMPILER_GLOBAL_ACCENT_COLOR_NAME = AccentColor;
				CODE_SIGN_STYLE = Automatic;
				CURRENT_PROJECT_VERSION = 1;
				GENERATE_INFOPLIST_FILE = YES;
				INFOPLIST_FILE = "FRT_Task/Supporting Files/Info.plist";
				INFOPLIST_KEY_UIApplicationSupportsIndirectInputEvents = YES;
				INFOPLIST_KEY_UILaunchStoryboardName = LaunchScreen;
				INFOPLIST_KEY_UIMainStoryboardFile = LaunchScreen;
				INFOPLIST_KEY_UISupportedInterfaceOrientations_iPad = "UIInterfaceOrientationPortrait UIInterfaceOrientationPortraitUpsideDown UIInterfaceOrientationLandscapeLeft UIInterfaceOrientationLandscapeRight";
				INFOPLIST_KEY_UISupportedInterfaceOrientations_iPhone = "UIInterfaceOrientationPortrait UIInterfaceOrientationLandscapeLeft UIInterfaceOrientationLandscapeRight";
				LD_RUNPATH_SEARCH_PATHS = (
					"$(inherited)",
					"@executable_path/Frameworks",
				);
				MARKETING_VERSION = 1.0;
				PRODUCT_BUNDLE_IDENTIFIER = "ika.ikakooo.pro.FRT-Task";
				PRODUCT_NAME = "$(TARGET_NAME)";
				SWIFT_EMIT_LOC_STRINGS = YES;
				SWIFT_VERSION = 5.0;
				TARGETED_DEVICE_FAMILY = "1,2";
			};
			name = Release;
		};
/* End XCBuildConfiguration section */

/* Begin XCConfigurationList section */
		3B8EEF7327F452F2007EA4F1 /* Build configuration list for PBXProject "FRT_Task" */ = {
			isa = XCConfigurationList;
			buildConfigurations = (
				3B8EEF8D27F452F4007EA4F1 /* Debug */,
				3B8EEF8E27F452F4007EA4F1 /* Release */,
			);
			defaultConfigurationIsVisible = 0;
			defaultConfigurationName = Release;
		};
		3B8EEF8F27F452F4007EA4F1 /* Build configuration list for PBXNativeTarget "FRT_Task" */ = {
			isa = XCConfigurationList;
			buildConfigurations = (
				3B8EEF9027F452F4007EA4F1 /* Debug */,
				3B8EEF9127F452F4007EA4F1 /* Release */,
			);
			defaultConfigurationIsVisible = 0;
			defaultConfigurationName = Release;
		};
/* End XCConfigurationList section */

/* Begin XCVersionGroup section */
		3B8EEF8427F452F2007EA4F1 /* FRT_Task.xcdatamodeld */ = {
			isa = XCVersionGroup;
			children = (
				3B8EEF8527F452F2007EA4F1 /* FRT_Task.xcdatamodel */,
			);
			currentVersion = 3B8EEF8527F452F2007EA4F1 /* FRT_Task.xcdatamodel */;
			path = FRT_Task.xcdatamodeld;
			sourceTree = "<group>";
			versionGroupType = wrapper.xcdatamodel;
		};
/* End XCVersionGroup section */
	};
	rootObject = 3B8EEF7027F452F2007EA4F1 /* Project object */;
}
